
Microsoft Visual Studio Solution File, Format Version 12.00
# Visual Studio Version 17
VisualStudioVersion = 17.0.31903.59
MinimumVisualStudioVersion = 10.0.40219.1
Project("{FAE04EC0-301F-11D3-BF4B-00C04F79EFBC}") = "API", "API\API.csproj", "{96716D49-C4E8-4110-A1E5-5BCD57B78BCD}"
EndProject
Project("{FAE04EC0-301F-11D3-BF4B-00C04F79EFBC}") = "Core", "Core\Core.csproj", "{7E2F2336-926C-4779-9E0B-1722C8D21EA1}"
EndProject
Project("{FAE04EC0-301F-11D3-BF4B-00C04F79EFBC}") = "Infrastructure", "Infrastructure\Infrastructure.csproj", "{52DE2EF7-0B21-43AD-9153-DDBF1269039B}"
EndProject
Global
	GlobalSection(SolutionConfigurationPlatforms) = preSolution
		Debug|Any CPU = Debug|Any CPU
		Release|Any CPU = Release|Any CPU
	EndGlobalSection
	GlobalSection(SolutionProperties) = preSolution
		HideSolutionNode = FALSE
	EndGlobalSection
	GlobalSection(ProjectConfigurationPlatforms) = postSolution
		{96716D49-C4E8-4110-A1E5-5BCD57B78BCD}.Debug|Any CPU.ActiveCfg = Debug|Any CPU
		{96716D49-C4E8-4110-A1E5-5BCD57B78BCD}.Debug|Any CPU.Build.0 = Debug|Any CPU
		{96716D49-C4E8-4110-A1E5-5BCD57B78BCD}.Release|Any CPU.ActiveCfg = Release|Any CPU
		{96716D49-C4E8-4110-A1E5-5BCD57B78BCD}.Release|Any CPU.Build.0 = Release|Any CPU
		{7E2F2336-926C-4779-9E0B-1722C8D21EA1}.Debug|Any CPU.ActiveCfg = Debug|Any CPU
		{7E2F2336-926C-4779-9E0B-1722C8D21EA1}.Debug|Any CPU.Build.0 = Debug|Any CPU
		{7E2F2336-926C-4779-9E0B-1722C8D21EA1}.Release|Any CPU.ActiveCfg = Release|Any CPU
		{7E2F2336-926C-4779-9E0B-1722C8D21EA1}.Release|Any CPU.Build.0 = Release|Any CPU
		{52DE2EF7-0B21-43AD-9153-DDBF1269039B}.Debug|Any CPU.ActiveCfg = Debug|Any CPU
		{52DE2EF7-0B21-43AD-9153-DDBF1269039B}.Debug|Any CPU.Build.0 = Debug|Any CPU
		{52DE2EF7-0B21-43AD-9153-DDBF1269039B}.Release|Any CPU.ActiveCfg = Release|Any CPU
		{52DE2EF7-0B21-43AD-9153-DDBF1269039B}.Release|Any CPU.Build.0 = Release|Any CPU
	EndGlobalSection
EndGlobal
